
Microsoft Visual Studio Solution File, Format Version 12.00
# Visual Studio Version 17
VisualStudioVersion = 17.10.35122.118
MinimumVisualStudioVersion = 10.0.40219.1
Project("{FAE04EC0-301F-11D3-BF4B-00C04F79EFBC}") = "Codewars", "Codewars\Codewars.csproj", "{1CECA41D-A13A-43B7-B5D0-6F86D9255C5A}"
EndProject
Global
	GlobalSection(SolutionConfigurationPlatforms) = preSolution
		Debug|Any CPU = Debug|Any CPU
		Release|Any CPU = Release|Any CPU
	EndGlobalSection
	GlobalSection(ProjectConfigurationPlatforms) = postSolution
		{1CECA41D-A13A-43B7-B5D0-6F86D9255C5A}.Debug|Any CPU.ActiveCfg = Debug|Any CPU
		{1CECA41D-A13A-43B7-B5D0-6F86D9255C5A}.Debug|Any CPU.Build.0 = Debug|Any CPU
		{1CECA41D-A13A-43B7-B5D0-6F86D9255C5A}.Release|Any CPU.ActiveCfg = Release|Any CPU
		{1CECA41D-A13A-43B7-B5D0-6F86D9255C5A}.Release|Any CPU.Build.0 = Release|Any CPU
	EndGlobalSection
	GlobalSection(SolutionProperties) = preSolution
		HideSolutionNode = FALSE
	EndGlobalSection
	GlobalSection(ExtensibilityGlobals) = postSolution
		SolutionGuid = {39778893-ED12-46E5-9CCE-B4E5984723BA}
	EndGlobalSection
EndGlobal
